
Microsoft Visual Studio Solution File, Format Version 12.00
# Visual Studio 2017
Project("{FAE04EC0-301F-11D3-BF4B-00C04F79EFBC}") = "sofaunity.Plugins", "sofaunity.Plugins.csproj", "{B6416F4F-60D2-3E71-DE0C-BB331119AACE}"
EndProject
Project("{FAE04EC0-301F-11D3-BF4B-00C04F79EFBC}") = "sofaunity", "sofaunity.csproj", "{C991D693-714F-B881-CB5B-CC7D2364451F}"
EndProject
Project("{FAE04EC0-301F-11D3-BF4B-00C04F79EFBC}") = "sofaunity.Editor", "sofaunity.Editor.csproj", "{00AEB769-8CDF-7BEA-CD9A-7C3C9CFB7B2E}"
EndProject
Global
	GlobalSection(SolutionConfigurationPlatforms) = preSolution
		Debug|Any CPU = Debug|Any CPU
		Release|Any CPU = Release|Any CPU
	EndGlobalSection
	GlobalSection(ProjectConfigurationPlatforms) = postSolution
		{B6416F4F-60D2-3E71-DE0C-BB331119AACE}.Debug|Any CPU.ActiveCfg = Debug|Any CPU
		{B6416F4F-60D2-3E71-DE0C-BB331119AACE}.Debug|Any CPU.Build.0 = Debug|Any CPU
		{B6416F4F-60D2-3E71-DE0C-BB331119AACE}.Release|Any CPU.ActiveCfg = Release|Any CPU
		{B6416F4F-60D2-3E71-DE0C-BB331119AACE}.Release|Any CPU.Build.0 = Release|Any CPU
		{C991D693-714F-B881-CB5B-CC7D2364451F}.Debug|Any CPU.ActiveCfg = Debug|Any CPU
		{C991D693-714F-B881-CB5B-CC7D2364451F}.Debug|Any CPU.Build.0 = Debug|Any CPU
		{C991D693-714F-B881-CB5B-CC7D2364451F}.Release|Any CPU.ActiveCfg = Release|Any CPU
		{C991D693-714F-B881-CB5B-CC7D2364451F}.Release|Any CPU.Build.0 = Release|Any CPU
		{00AEB769-8CDF-7BEA-CD9A-7C3C9CFB7B2E}.Debug|Any CPU.ActiveCfg = Debug|Any CPU
		{00AEB769-8CDF-7BEA-CD9A-7C3C9CFB7B2E}.Debug|Any CPU.Build.0 = Debug|Any CPU
		{00AEB769-8CDF-7BEA-CD9A-7C3C9CFB7B2E}.Release|Any CPU.ActiveCfg = Release|Any CPU
		{00AEB769-8CDF-7BEA-CD9A-7C3C9CFB7B2E}.Release|Any CPU.Build.0 = Release|Any CPU
	EndGlobalSection
	GlobalSection(SolutionProperties) = preSolution
		HideSolutionNode = FALSE
	EndGlobalSection
EndGlobal
