
Microsoft Visual Studio Solution File, Format Version 12.00
# Visual Studio 2015
Project("{FAE04EC0-301F-11D3-BF4B-00C04F79EFBC}") = "SofaUnity", "SofaUnity.csproj", "{60798B71-02F7-C818-4C4A-83E79DD86127}"
EndProject
Project("{FAE04EC0-301F-11D3-BF4B-00C04F79EFBC}") = "SofaUnity.Editor", "SofaUnity.Editor.csproj", "{31B4CF0D-B2E7-0D0A-83D0-9CBBA22EF4D8}"
EndProject
Global
	GlobalSection(SolutionConfigurationPlatforms) = preSolution
		Debug|Any CPU = Debug|Any CPU
		Release|Any CPU = Release|Any CPU
	EndGlobalSection
	GlobalSection(ProjectConfigurationPlatforms) = postSolution
		{60798B71-02F7-C818-4C4A-83E79DD86127}.Debug|Any CPU.ActiveCfg = Debug|Any CPU
		{60798B71-02F7-C818-4C4A-83E79DD86127}.Debug|Any CPU.Build.0 = Debug|Any CPU
		{60798B71-02F7-C818-4C4A-83E79DD86127}.Release|Any CPU.ActiveCfg = Release|Any CPU
		{60798B71-02F7-C818-4C4A-83E79DD86127}.Release|Any CPU.Build.0 = Release|Any CPU
		{31B4CF0D-B2E7-0D0A-83D0-9CBBA22EF4D8}.Debug|Any CPU.ActiveCfg = Debug|Any CPU
		{31B4CF0D-B2E7-0D0A-83D0-9CBBA22EF4D8}.Debug|Any CPU.Build.0 = Debug|Any CPU
		{31B4CF0D-B2E7-0D0A-83D0-9CBBA22EF4D8}.Release|Any CPU.ActiveCfg = Release|Any CPU
		{31B4CF0D-B2E7-0D0A-83D0-9CBBA22EF4D8}.Release|Any CPU.Build.0 = Release|Any CPU
	EndGlobalSection
	GlobalSection(SolutionProperties) = preSolution
		HideSolutionNode = FALSE
	EndGlobalSection
EndGlobal
